
Microsoft Visual Studio Solution File, Format Version 10.00
# Visual Studio 2008
Project("{FAE04EC0-301F-11D3-BF4B-00C04F79EFBC}") = "Lokad.Shared", "Source\Lokad.Shared\Lokad.Shared.csproj", "{9C285BAA-786F-41E9-8CFB-C1FDDB3E6FE1}"
EndProject
Project("{2150E333-8FDC-42A3-9474-1A3956D46DE8}") = "Source", "Source", "{5344E077-8212-47BA-8EA2-F92ECC2845A0}"
EndProject
Project("{FAE04EC0-301F-11D3-BF4B-00C04F79EFBC}") = "Lokad.Shared.Test", "Test\Lokad.Shared.Test\Lokad.Shared.Test.csproj", "{76BE68DD-B0AB-4CF6-B119-3C493F11B06D}"
EndProject
Project("{2150E333-8FDC-42A3-9474-1A3956D46DE8}") = "Solution Items", "Solution Items", "{758A6E18-B1E3-418F-94BE-D0F8DFC66FCD}"
	ProjectSection(SolutionItems) = preProject
		Source\GlobalAssemblyInfo.cs = Source\GlobalAssemblyInfo.cs
		Lokad.Shared.build = Lokad.Shared.build
		Lokad.Shared.ccnet = Lokad.Shared.ccnet
		Lokad.Shared.FxCop = Lokad.Shared.FxCop
		Lokad.Shared.License.txt = Lokad.Shared.License.txt
		Lokad.Shared.shfb = Lokad.Shared.shfb
		ReadMe.txt = ReadMe.txt
		SharedKey.snk = SharedKey.snk
		Source\VersionAssemblyInfo.cs = Source\VersionAssemblyInfo.cs
	EndProjectSection
EndProject
Project("{FAE04EC0-301F-11D3-BF4B-00C04F79EFBC}") = "Lokad.Stack", "Source\Lokad.Stack\Lokad.Stack.csproj", "{5071C867-97B7-41BE-95A7-7B584B0C2F50}"
EndProject
Project("{FAE04EC0-301F-11D3-BF4B-00C04F79EFBC}") = "Lokad.Stack.Test", "Test\Lokad.Stack.Test\Lokad.Stack.Test.csproj", "{6DA4EA76-B037-4131-A39E-262E1FBAD19C}"
EndProject
Project("{FAE04EC0-301F-11D3-BF4B-00C04F79EFBC}") = "Lokad.Quality", "Source\Lokad.Quality\Lokad.Quality.csproj", "{855AE75B-E675-4F90-873F-CC3D3F9879BD}"
EndProject
Project("{2150E333-8FDC-42A3-9474-1A3956D46DE8}") = "Core", "Core", "{8EDA9E73-26B6-427B-9A2A-9898054C193F}"
EndProject
Project("{2150E333-8FDC-42A3-9474-1A3956D46DE8}") = "Test", "Test", "{FFFDA17A-CB7D-4DA1-BAFA-838E873F668A}"
EndProject
Project("{FAE04EC0-301F-11D3-BF4B-00C04F79EFBC}") = "Lokad.Quality.Test", "Test\Lokad.Quality.Test\Lokad.Quality.Test.csproj", "{D8AB1A43-FA5B-492A-9AEA-C1D177CD3C85}"
EndProject
Project("{2150E333-8FDC-42A3-9474-1A3956D46DE8}") = "Helpers", "Helpers", "{B265146F-DD37-47A5-B8AE-7E0D049F5814}"
EndProject
Project("{FAE04EC0-301F-11D3-BF4B-00C04F79EFBC}") = "Lokad.ReNamespace", "Helpers\Lokad.ReNamespace\Lokad.ReNamespace.csproj", "{3ECF6C70-9550-4CBA-90EC-3FA8EDBA9860}"
EndProject
Project("{FAE04EC0-301F-11D3-BF4B-00C04F79EFBC}") = "Lokad.Shared.Contrib", "Source\Lokad.Shared.Contrib\Lokad.Shared.Contrib.csproj", "{30E7C57C-84B5-4414-BA3E-A440BE240C49}"
EndProject
Project("{FAE04EC0-301F-11D3-BF4B-00C04F79EFBC}") = "Lokad.Shared.Contrib.Test", "Test\Lokad.Shared.Contrib.Test\Lokad.Shared.Contrib.Test.csproj", "{13E96105-62A8-4017-9552-6884DA392293}"
EndProject
Global
	GlobalSection(SolutionConfigurationPlatforms) = preSolution
		Debug|Any CPU = Debug|Any CPU
		Release|Any CPU = Release|Any CPU
	EndGlobalSection
	GlobalSection(ProjectConfigurationPlatforms) = postSolution
		{9C285BAA-786F-41E9-8CFB-C1FDDB3E6FE1}.Debug|Any CPU.ActiveCfg = Debug|Any CPU
		{9C285BAA-786F-41E9-8CFB-C1FDDB3E6FE1}.Debug|Any CPU.Build.0 = Debug|Any CPU
		{9C285BAA-786F-41E9-8CFB-C1FDDB3E6FE1}.Release|Any CPU.ActiveCfg = Release|Any CPU
		{9C285BAA-786F-41E9-8CFB-C1FDDB3E6FE1}.Release|Any CPU.Build.0 = Release|Any CPU
		{76BE68DD-B0AB-4CF6-B119-3C493F11B06D}.Debug|Any CPU.ActiveCfg = Debug|Any CPU
		{76BE68DD-B0AB-4CF6-B119-3C493F11B06D}.Debug|Any CPU.Build.0 = Debug|Any CPU
		{76BE68DD-B0AB-4CF6-B119-3C493F11B06D}.Release|Any CPU.ActiveCfg = Release|Any CPU
		{76BE68DD-B0AB-4CF6-B119-3C493F11B06D}.Release|Any CPU.Build.0 = Release|Any CPU
		{5071C867-97B7-41BE-95A7-7B584B0C2F50}.Debug|Any CPU.ActiveCfg = Debug|Any CPU
		{5071C867-97B7-41BE-95A7-7B584B0C2F50}.Debug|Any CPU.Build.0 = Debug|Any CPU
		{5071C867-97B7-41BE-95A7-7B584B0C2F50}.Release|Any CPU.ActiveCfg = Release|Any CPU
		{5071C867-97B7-41BE-95A7-7B584B0C2F50}.Release|Any CPU.Build.0 = Release|Any CPU
		{6DA4EA76-B037-4131-A39E-262E1FBAD19C}.Debug|Any CPU.ActiveCfg = Debug|Any CPU
		{6DA4EA76-B037-4131-A39E-262E1FBAD19C}.Debug|Any CPU.Build.0 = Debug|Any CPU
		{6DA4EA76-B037-4131-A39E-262E1FBAD19C}.Release|Any CPU.ActiveCfg = Release|Any CPU
		{6DA4EA76-B037-4131-A39E-262E1FBAD19C}.Release|Any CPU.Build.0 = Release|Any CPU
		{855AE75B-E675-4F90-873F-CC3D3F9879BD}.Debug|Any CPU.ActiveCfg = Debug|Any CPU
		{855AE75B-E675-4F90-873F-CC3D3F9879BD}.Debug|Any CPU.Build.0 = Debug|Any CPU
		{855AE75B-E675-4F90-873F-CC3D3F9879BD}.Release|Any CPU.ActiveCfg = Release|Any CPU
		{855AE75B-E675-4F90-873F-CC3D3F9879BD}.Release|Any CPU.Build.0 = Release|Any CPU
		{D8AB1A43-FA5B-492A-9AEA-C1D177CD3C85}.Debug|Any CPU.ActiveCfg = Debug|Any CPU
		{D8AB1A43-FA5B-492A-9AEA-C1D177CD3C85}.Debug|Any CPU.Build.0 = Debug|Any CPU
		{D8AB1A43-FA5B-492A-9AEA-C1D177CD3C85}.Release|Any CPU.ActiveCfg = Release|Any CPU
		{D8AB1A43-FA5B-492A-9AEA-C1D177CD3C85}.Release|Any CPU.Build.0 = Release|Any CPU
		{3ECF6C70-9550-4CBA-90EC-3FA8EDBA9860}.Debug|Any CPU.ActiveCfg = Debug|Any CPU
		{3ECF6C70-9550-4CBA-90EC-3FA8EDBA9860}.Debug|Any CPU.Build.0 = Debug|Any CPU
		{3ECF6C70-9550-4CBA-90EC-3FA8EDBA9860}.Release|Any CPU.ActiveCfg = Release|Any CPU
		{3ECF6C70-9550-4CBA-90EC-3FA8EDBA9860}.Release|Any CPU.Build.0 = Release|Any CPU
		{30E7C57C-84B5-4414-BA3E-A440BE240C49}.Debug|Any CPU.ActiveCfg = Debug|Any CPU
		{30E7C57C-84B5-4414-BA3E-A440BE240C49}.Debug|Any CPU.Build.0 = Debug|Any CPU
		{30E7C57C-84B5-4414-BA3E-A440BE240C49}.Release|Any CPU.ActiveCfg = Release|Any CPU
		{30E7C57C-84B5-4414-BA3E-A440BE240C49}.Release|Any CPU.Build.0 = Release|Any CPU
		{13E96105-62A8-4017-9552-6884DA392293}.Debug|Any CPU.ActiveCfg = Debug|Any CPU
		{13E96105-62A8-4017-9552-6884DA392293}.Debug|Any CPU.Build.0 = Debug|Any CPU
		{13E96105-62A8-4017-9552-6884DA392293}.Release|Any CPU.ActiveCfg = Release|Any CPU
		{13E96105-62A8-4017-9552-6884DA392293}.Release|Any CPU.Build.0 = Release|Any CPU
	EndGlobalSection
	GlobalSection(SolutionProperties) = preSolution
		HideSolutionNode = FALSE
	EndGlobalSection
	GlobalSection(NestedProjects) = preSolution
		{5344E077-8212-47BA-8EA2-F92ECC2845A0} = {8EDA9E73-26B6-427B-9A2A-9898054C193F}
		{FFFDA17A-CB7D-4DA1-BAFA-838E873F668A} = {8EDA9E73-26B6-427B-9A2A-9898054C193F}
		{B265146F-DD37-47A5-B8AE-7E0D049F5814} = {8EDA9E73-26B6-427B-9A2A-9898054C193F}
		{5071C867-97B7-41BE-95A7-7B584B0C2F50} = {5344E077-8212-47BA-8EA2-F92ECC2845A0}
		{855AE75B-E675-4F90-873F-CC3D3F9879BD} = {5344E077-8212-47BA-8EA2-F92ECC2845A0}
		{9C285BAA-786F-41E9-8CFB-C1FDDB3E6FE1} = {5344E077-8212-47BA-8EA2-F92ECC2845A0}
		{30E7C57C-84B5-4414-BA3E-A440BE240C49} = {5344E077-8212-47BA-8EA2-F92ECC2845A0}
		{6DA4EA76-B037-4131-A39E-262E1FBAD19C} = {FFFDA17A-CB7D-4DA1-BAFA-838E873F668A}
		{76BE68DD-B0AB-4CF6-B119-3C493F11B06D} = {FFFDA17A-CB7D-4DA1-BAFA-838E873F668A}
		{D8AB1A43-FA5B-492A-9AEA-C1D177CD3C85} = {FFFDA17A-CB7D-4DA1-BAFA-838E873F668A}
		{13E96105-62A8-4017-9552-6884DA392293} = {FFFDA17A-CB7D-4DA1-BAFA-838E873F668A}
		{3ECF6C70-9550-4CBA-90EC-3FA8EDBA9860} = {B265146F-DD37-47A5-B8AE-7E0D049F5814}
	EndGlobalSection
EndGlobal
